// !$*UTF8*$!
{
	archiveVersion = 1;
	classes = {
	};
	objectVersion = 55;
	objects = {

/* Begin PBXBuildFile section */
		F47C3F17277F40F900CDD87C /* AppDelegate.swift in Sources */ = {isa = PBXBuildFile; fileRef = F47C3F16277F40F900CDD87C /* AppDelegate.swift */; };
		F47C3F19277F40F900CDD87C /* SceneDelegate.swift in Sources */ = {isa = PBXBuildFile; fileRef = F47C3F18277F40F900CDD87C /* SceneDelegate.swift */; };
		F47C3F1B277F40F900CDD87C /* ViewController.swift in Sources */ = {isa = PBXBuildFile; fileRef = F47C3F1A277F40F900CDD87C /* ViewController.swift */; };
		F47C3F1E277F40F900CDD87C /* Main.storyboard in Resources */ = {isa = PBXBuildFile; fileRef = F47C3F1C277F40F900CDD87C /* Main.storyboard */; };
		F47C3F21277F40F900CDD87C /* Xylophone.xcdatamodeld in Sources */ = {isa = PBXBuildFile; fileRef = F47C3F1F277F40F900CDD87C /* Xylophone.xcdatamodeld */; };
		F47C3F23277F40FB00CDD87C /* Assets.xcassets in Resources */ = {isa = PBXBuildFile; fileRef = F47C3F22277F40FB00CDD87C /* Assets.xcassets */; };
		F47C3F26277F40FB00CDD87C /* LaunchScreen.storyboard in Resources */ = {isa = PBXBuildFile; fileRef = F47C3F24277F40FB00CDD87C /* LaunchScreen.storyboard */; };
		F47C3F31277F40FB00CDD87C /* XylophoneTests.swift in Sources */ = {isa = PBXBuildFile; fileRef = F47C3F30277F40FB00CDD87C /* XylophoneTests.swift */; };
		F47C3F3B277F40FB00CDD87C /* XylophoneUITests.swift in Sources */ = {isa = PBXBuildFile; fileRef = F47C3F3A277F40FB00CDD87C /* XylophoneUITests.swift */; };
		F47C3F3D277F40FB00CDD87C /* XylophoneUITestsLaunchTests.swift in Sources */ = {isa = PBXBuildFile; fileRef = F47C3F3C277F40FB00CDD87C /* XylophoneUITestsLaunchTests.swift */; };
/* End PBXBuildFile section */

/* Begin PBXContainerItemProxy section */
		F47C3F2D277F40FB00CDD87C /* PBXContainerItemProxy */ = {
			isa = PBXContainerItemProxy;
			containerPortal = F47C3F0B277F40F800CDD87C /* Project object */;
			proxyType = 1;
			remoteGlobalIDString = F47C3F12277F40F900CDD87C;
			remoteInfo = Xylophone;
		};
		F47C3F37277F40FB00CDD87C /* PBXContainerItemProxy */ = {
			isa = PBXContainerItemProxy;
			containerPortal = F47C3F0B277F40F800CDD87C /* Project object */;
			proxyType = 1;
			remoteGlobalIDString = F47C3F12277F40F900CDD87C;
			remoteInfo = Xylophone;
		};
/* End PBXContainerItemProxy section */

/* Begin PBXFileReference section */
		F47C3F13277F40F900CDD87C /* Xylophone.app */ = {isa = PBXFileReference; explicitFileType = wrapper.application; includeInIndex = 0; path = Xylophone.app; sourceTree = BUILT_PRODUCTS_DIR; };
		F47C3F16277F40F900CDD87C /* AppDelegate.swift */ = {isa = PBXFileReference; lastKnownFileType = sourcecode.swift; path = AppDelegate.swift; sourceTree = "<group>"; };
		F47C3F18277F40F900CDD87C /* SceneDelegate.swift */ = {isa = PBXFileReference; lastKnownFileType = sourcecode.swift; path = SceneDelegate.swift; sourceTree = "<group>"; };
		F47C3F1A277F40F900CDD87C /* ViewController.swift */ = {isa = PBXFileReference; lastKnownFileType = sourcecode.swift; path = ViewController.swift; sourceTree = "<group>"; };
		F47C3F1D277F40F900CDD87C /* Base */ = {isa = PBXFileReference; lastKnownFileType = file.storyboard; name = Base; path = Base.lproj/Main.storyboard; sourceTree = "<group>"; };
		F47C3F20277F40F900CDD87C /* Xylophone.xcdatamodel */ = {isa = PBXFileReference; lastKnownFileType = wrapper.xcdatamodel; path = Xylophone.xcdatamodel; sourceTree = "<group>"; };
		F47C3F22277F40FB00CDD87C /* Assets.xcassets */ = {isa = PBXFileReference; lastKnownFileType = folder.assetcatalog; path = Assets.xcassets; sourceTree = "<group>"; };
		F47C3F25277F40FB00CDD87C /* Base */ = {isa = PBXFileReference; lastKnownFileType = file.storyboard; name = Base; path = Base.lproj/LaunchScreen.storyboard; sourceTree = "<group>"; };
		F47C3F27277F40FB00CDD87C /* Info.plist */ = {isa = PBXFileReference; lastKnownFileType = text.plist.xml; path = Info.plist; sourceTree = "<group>"; };
		F47C3F2C277F40FB00CDD87C /* XylophoneTests.xctest */ = {isa = PBXFileReference; explicitFileType = wrapper.cfbundle; includeInIndex = 0; path = XylophoneTests.xctest; sourceTree = BUILT_PRODUCTS_DIR; };
		F47C3F30277F40FB00CDD87C /* XylophoneTests.swift */ = {isa = PBXFileReference; lastKnownFileType = sourcecode.swift; path = XylophoneTests.swift; sourceTree = "<group>"; };
		F47C3F36277F40FB00CDD87C /* XylophoneUITests.xctest */ = {isa = PBXFileReference; explicitFileType = wrapper.cfbundle; includeInIndex = 0; path = XylophoneUITests.xctest; sourceTree = BUILT_PRODUCTS_DIR; };
		F47C3F3A277F40FB00CDD87C /* XylophoneUITests.swift */ = {isa = PBXFileReference; lastKnownFileType = sourcecode.swift; path = XylophoneUITests.swift; sourceTree = "<group>"; };
		F47C3F3C277F40FB00CDD87C /* XylophoneUITestsLaunchTests.swift */ = {isa = PBXFileReference; lastKnownFileType = sourcecode.swift; path = XylophoneUITestsLaunchTests.swift; sourceTree = "<group>"; };
/* End PBXFileReference section */

/* Begin PBXFrameworksBuildPhase section */
		F47C3F10277F40F900CDD87C /* Frameworks */ = {
			isa = PBXFrameworksBuildPhase;
			buildActionMask = 2147483647;
			files = (
			);
			runOnlyForDeploymentPostprocessing = 0;
		};
		F47C3F29277F40FB00CDD87C /* Frameworks */ = {
			isa = PBXFrameworksBuildPhase;
			buildActionMask = 2147483647;
			files = (
			);
			runOnlyForDeploymentPostprocessing = 0;
		};
		F47C3F33277F40FB00CDD87C /* Frameworks */ = {
			isa = PBXFrameworksBuildPhase;
			buildActionMask = 2147483647;
			files = (
			);
			runOnlyForDeploymentPostprocessing = 0;
		};
/* End PBXFrameworksBuildPhase section */

/* Begin PBXGroup section */
		F47C3F0A277F40F800CDD87C = {
			isa = PBXGroup;
			children = (
				F47C3F15277F40F900CDD87C /* Xylophone */,
				F47C3F2F277F40FB00CDD87C /* XylophoneTests */,
				F47C3F39277F40FB00CDD87C /* XylophoneUITests */,
				F47C3F14277F40F900CDD87C /* Products */,
			);
			sourceTree = "<group>";
		};
		F47C3F14277F40F900CDD87C /* Products */ = {
			isa = PBXGroup;
			children = (
				F47C3F13277F40F900CDD87C /* Xylophone.app */,
				F47C3F2C277F40FB00CDD87C /* XylophoneTests.xctest */,
				F47C3F36277F40FB00CDD87C /* XylophoneUITests.xctest */,
			);
			name = Products;
			sourceTree = "<group>";
		};
		F47C3F15277F40F900CDD87C /* Xylophone */ = {
			isa = PBXGroup;
			children = (
				F47C3F16277F40F900CDD87C /* AppDelegate.swift */,
				F47C3F18277F40F900CDD87C /* SceneDelegate.swift */,
				F47C3F1A277F40F900CDD87C /* ViewController.swift */,
				F47C3F1C277F40F900CDD87C /* Main.storyboard */,
				F47C3F22277F40FB00CDD87C /* Assets.xcassets */,
				F47C3F24277F40FB00CDD87C /* LaunchScreen.storyboard */,
				F47C3F27277F40FB00CDD87C /* Info.plist */,
				F47C3F1F277F40F900CDD87C /* Xylophone.xcdatamodeld */,
			);
			path = Xylophone;
			sourceTree = "<group>";
		};
		F47C3F2F277F40FB00CDD87C /* XylophoneTests */ = {
			isa = PBXGroup;
			children = (
				F47C3F30277F40FB00CDD87C /* XylophoneTests.swift */,
			);
			path = XylophoneTests;
			sourceTree = "<group>";
		};
		F47C3F39277F40FB00CDD87C /* XylophoneUITests */ = {
			isa = PBXGroup;
			children = (
				F47C3F3A277F40FB00CDD87C /* XylophoneUITests.swift */,
				F47C3F3C277F40FB00CDD87C /* XylophoneUITestsLaunchTests.swift */,
			);
			path = XylophoneUITests;
			sourceTree = "<group>";
		};
/* End PBXGroup section */

/* Begin PBXNativeTarget section */
		F47C3F12277F40F900CDD87C /* Xylophone */ = {
			isa = PBXNativeTarget;
			buildConfigurationList = F47C3F40277F40FB00CDD87C /* Build configuration list for PBXNativeTarget "Xylophone" */;
			buildPhases = (
				F47C3F0F277F40F900CDD87C /* Sources */,
				F47C3F10277F40F900CDD87C /* Frameworks */,
				F47C3F11277F40F900CDD87C /* Resources */,
			);
			buildRules = (
			);
			dependencies = (
			);
			name = Xylophone;
			productName = Xylophone;
			productReference = F47C3F13277F40F900CDD87C /* Xylophone.app */;
			productType = "com.apple.product-type.application";
		};
		F47C3F2B277F40FB00CDD87C /* XylophoneTests */ = {
			isa = PBXNativeTarget;
			buildConfigurationList = F47C3F43277F40FB00CDD87C /* Build configuration list for PBXNativeTarget "XylophoneTests" */;
			buildPhases = (
				F47C3F28277F40FB00CDD87C /* Sources */,
				F47C3F29277F40FB00CDD87C /* Frameworks */,
				F47C3F2A277F40FB00CDD87C /* Resources */,
			);
			buildRules = (
			);
			dependencies = (
				F47C3F2E277F40FB00CDD87C /* PBXTargetDependency */,
			);
			name = XylophoneTests;
			productName = XylophoneTests;
			productReference = F47C3F2C277F40FB00CDD87C /* XylophoneTests.xctest */;
			productType = "com.apple.product-type.bundle.unit-test";
		};
		F47C3F35277F40FB00CDD87C /* XylophoneUITests */ = {
			isa = PBXNativeTarget;
			buildConfigurationList = F47C3F46277F40FB00CDD87C /* Build configuration list for PBXNativeTarget "XylophoneUITests" */;
			buildPhases = (
				F47C3F32277F40FB00CDD87C /* Sources */,
				F47C3F33277F40FB00CDD87C /* Frameworks */,
				F47C3F34277F40FB00CDD87C /* Resources */,
			);
			buildRules = (
			);
			dependencies = (
				F47C3F38277F40FB00CDD87C /* PBXTargetDependency */,
			);
			name = XylophoneUITests;
			productName = XylophoneUITests;
			productReference = F47C3F36277F40FB00CDD87C /* XylophoneUITests.xctest */;
			productType = "com.apple.product-type.bundle.ui-testing";
		};
/* End PBXNativeTarget section */

/* Begin PBXProject section */
		F47C3F0B277F40F800CDD87C /* Project object */ = {
			isa = PBXProject;
			attributes = {
				BuildIndependentTargetsInParallel = 1;
				LastSwiftUpdateCheck = 1310;
				LastUpgradeCheck = 1310;
				TargetAttributes = {
					F47C3F12277F40F900CDD87C = {
						CreatedOnToolsVersion = 13.1;
					};
					F47C3F2B277F40FB00CDD87C = {
						CreatedOnToolsVersion = 13.1;
						TestTargetID = F47C3F12277F40F900CDD87C;
					};
					F47C3F35277F40FB00CDD87C = {
						CreatedOnToolsVersion = 13.1;
						TestTargetID = F47C3F12277F40F900CDD87C;
					};
				};
			};
			buildConfigurationList = F47C3F0E277F40F800CDD87C /* Build configuration list for PBXProject "Xylophone" */;
			compatibilityVersion = "Xcode 13.0";
			developmentRegion = en;
			hasScannedForEncodings = 0;
			knownRegions = (
				en,
				Base,
			);
			mainGroup = F47C3F0A277F40F800CDD87C;
			productRefGroup = F47C3F14277F40F900CDD87C /* Products */;
			projectDirPath = "";
			projectRoot = "";
			targets = (
				F47C3F12277F40F900CDD87C /* Xylophone */,
				F47C3F2B277F40FB00CDD87C /* XylophoneTests */,
				F47C3F35277F40FB00CDD87C /* XylophoneUITests */,
			);
		};
/* End PBXProject section */

/* Begin PBXResourcesBuildPhase section */
		F47C3F11277F40F900CDD87C /* Resources */ = {
			isa = PBXResourcesBuildPhase;
			buildActionMask = 2147483647;
			files = (
				F47C3F26277F40FB00CDD87C /* LaunchScreen.storyboard in Resources */,
				F47C3F23277F40FB00CDD87C /* Assets.xcassets in Resources */,
				F47C3F1E277F40F900CDD87C /* Main.storyboard in Resources */,
			);
			runOnlyForDeploymentPostprocessing = 0;
		};
		F47C3F2A277F40FB00CDD87C /* Resources */ = {
			isa = PBXResourcesBuildPhase;
			buildActionMask = 2147483647;
			files = (
			);
			runOnlyForDeploymentPostprocessing = 0;
		};
		F47C3F34277F40FB00CDD87C /* Resources */ = {
			isa = PBXResourcesBuildPhase;
			buildActionMask = 2147483647;
			files = (
			);
			runOnlyForDeploymentPostprocessing = 0;
		};
/* End PBXResourcesBuildPhase section */

/* Begin PBXSourcesBuildPhase section */
		F47C3F0F277F40F900CDD87C /* Sources */ = {
			isa = PBXSourcesBuildPhase;
			buildActionMask = 2147483647;
			files = (
				F47C3F21277F40F900CDD87C /* Xylophone.xcdatamodeld in Sources */,
				F47C3F1B277F40F900CDD87C /* ViewController.swift in Sources */,
				F47C3F17277F40F900CDD87C /* AppDelegate.swift in Sources */,
				F47C3F19277F40F900CDD87C /* SceneDelegate.swift in Sources */,
			);
			runOnlyForDeploymentPostprocessing = 0;
		};
		F47C3F28277F40FB00CDD87C /* Sources */ = {
			isa = PBXSourcesBuildPhase;
			buildActionMask = 2147483647;
			files = (
				F47C3F31277F40FB00CDD87C /* XylophoneTests.swift in Sources */,
			);
			runOnlyForDeploymentPostprocessing = 0;
		};
		F47C3F32277F40FB00CDD87C /* Sources */ = {
			isa = PBXSourcesBuildPhase;
			buildActionMask = 2147483647;
			files = (
				F47C3F3B277F40FB00CDD87C /* XylophoneUITests.swift in Sources */,
				F47C3F3D277F40FB00CDD87C /* XylophoneUITestsLaunchTests.swift in Sources */,
			);
			runOnlyForDeploymentPostprocessing = 0;
		};
/* End PBXSourcesBuildPhase section */

/* Begin PBXTargetDependency section */
		F47C3F2E277F40FB00CDD87C /* PBXTargetDependency */ = {
			isa = PBXTargetDependency;
			target = F47C3F12277F40F900CDD87C /* Xylophone */;
			targetProxy = F47C3F2D277F40FB00CDD87C /* PBXContainerItemProxy */;
		};
		F47C3F38277F40FB00CDD87C /* PBXTargetDependency */ = {
			isa = PBXTargetDependency;
			target = F47C3F12277F40F900CDD87C /* Xylophone */;
			targetProxy = F47C3F37277F40FB00CDD87C /* PBXContainerItemProxy */;
		};
/* End PBXTargetDependency section */

/* Begin PBXVariantGroup section */
		F47C3F1C277F40F900CDD87C /* Main.storyboard */ = {
			isa = PBXVariantGroup;
			children = (
				F47C3F1D277F40F900CDD87C /* Base */,
			);
			name = Main.storyboard;
			sourceTree = "<group>";
		};
		F47C3F24277F40FB00CDD87C /* LaunchScreen.storyboard */ = {
			isa = PBXVariantGroup;
			children = (
				F47C3F25277F40FB00CDD87C /* Base */,
			);
			name = LaunchScreen.storyboard;
			sourceTree = "<group>";
		};
/* End PBXVariantGroup section */

/* Begin XCBuildConfiguration section */
		F47C3F3E277F40FB00CDD87C /* Debug */ = {
			isa = XCBuildConfiguration;
			buildSettings = {
				ALWAYS_SEARCH_USER_PATHS = NO;
				CLANG_ANALYZER_NONNULL = YES;
				CLANG_ANALYZER_NUMBER_OBJECT_CONVERSION = YES_AGGRESSIVE;
				CLANG_CXX_LANGUAGE_STANDARD = "gnu++17";
				CLANG_CXX_LIBRARY = "libc++";
				CLANG_ENABLE_MODULES = YES;
				CLANG_ENABLE_OBJC_ARC = YES;
				CLANG_ENABLE_OBJC_WEAK = YES;
				CLANG_WARN_BLOCK_CAPTURE_AUTORELEASING = YES;
				CLANG_WARN_BOOL_CONVERSION = YES;
				CLANG_WARN_COMMA = YES;
				CLANG_WARN_CONSTANT_CONVERSION = YES;
				CLANG_WARN_DEPRECATED_OBJC_IMPLEMENTATIONS = YES;
				CLANG_WARN_DIRECT_OBJC_ISA_USAGE = YES_ERROR;
				CLANG_WARN_DOCUMENTATION_COMMENTS = YES;
				CLANG_WARN_EMPTY_BODY = YES;
				CLANG_WARN_ENUM_CONVERSION = YES;
				CLANG_WARN_INFINITE_RECURSION = YES;
				CLANG_WARN_INT_CONVERSION = YES;
				CLANG_WARN_NON_LITERAL_NULL_CONVERSION = YES;
				CLANG_WARN_OBJC_IMPLICIT_RETAIN_SELF = YES;
				CLANG_WARN_OBJC_LITERAL_CONVERSION = YES;
				CLANG_WARN_OBJC_ROOT_CLASS = YES_ERROR;
				CLANG_WARN_QUOTED_INCLUDE_IN_FRAMEWORK_HEADER = YES;
				CLANG_WARN_RANGE_LOOP_ANALYSIS = YES;
				CLANG_WARN_STRICT_PROTOTYPES = YES;
				CLANG_WARN_SUSPICIOUS_MOVE = YES;
				CLANG_WARN_UNGUARDED_AVAILABILITY = YES_AGGRESSIVE;
				CLANG_WARN_UNREACHABLE_CODE = YES;
				CLANG_WARN__DUPLICATE_METHOD_MATCH = YES;
				COPY_PHASE_STRIP = NO;
				DEBUG_INFORMATION_FORMAT = dwarf;
				ENABLE_STRICT_OBJC_MSGSEND = YES;
				ENABLE_TESTABILITY = YES;
				GCC_C_LANGUAGE_STANDARD = gnu11;
				GCC_DYNAMIC_NO_PIC = NO;
				GCC_NO_COMMON_BLOCKS = YES;
				GCC_OPTIMIZATION_LEVEL = 0;
				GCC_PREPROCESSOR_DEFINITIONS = (
					"DEBUG=1",
					"$(inherited)",
				);
				GCC_WARN_64_TO_32_BIT_CONVERSION = YES;
				GCC_WARN_ABOUT_RETURN_TYPE = YES_ERROR;
				GCC_WARN_UNDECLARED_SELECTOR = YES;
				GCC_WARN_UNINITIALIZED_AUTOS = YES_AGGRESSIVE;
				GCC_WARN_UNUSED_FUNCTION = YES;
				GCC_WARN_UNUSED_VARIABLE = YES;
				IPHONEOS_DEPLOYMENT_TARGET = 15.0;
				MTL_ENABLE_DEBUG_INFO = INCLUDE_SOURCE;
				MTL_FAST_MATH = YES;
				ONLY_ACTIVE_ARCH = YES;
				SDKROOT = iphoneos;
				SWIFT_ACTIVE_COMPILATION_CONDITIONS = DEBUG;
				SWIFT_OPTIMIZATION_LEVEL = "-Onone";
			};
			name = Debug;
		};
		F47C3F3F277F40FB00CDD87C /* Release */ = {
			isa = XCBuildConfiguration;
			buildSettings = {
				ALWAYS_SEARCH_USER_PATHS = NO;
				CLANG_ANALYZER_NONNULL = YES;
				CLANG_ANALYZER_NUMBER_OBJECT_CONVERSION = YES_AGGRESSIVE;
				CLANG_CXX_LANGUAGE_STANDARD = "gnu++17";
				CLANG_CXX_LIBRARY = "libc++";
				CLANG_ENABLE_MODULES = YES;
				CLANG_ENABLE_OBJC_ARC = YES;
				CLANG_ENABLE_OBJC_WEAK = YES;
				CLANG_WARN_BLOCK_CAPTURE_AUTORELEASING = YES;
				CLANG_WARN_BOOL_CONVERSION = YES;
				CLANG_WARN_COMMA = YES;
				CLANG_WARN_CONSTANT_CONVERSION = YES;
				CLANG_WARN_DEPRECATED_OBJC_IMPLEMENTATIONS = YES;
				CLANG_WARN_DIRECT_OBJC_ISA_USAGE = YES_ERROR;
				CLANG_WARN_DOCUMENTATION_COMMENTS = YES;
				CLANG_WARN_EMPTY_BODY = YES;
				CLANG_WARN_ENUM_CONVERSION = YES;
				CLANG_WARN_INFINITE_RECURSION = YES;
				CLANG_WARN_INT_CONVERSION = YES;
				CLANG_WARN_NON_LITERAL_NULL_CONVERSION = YES;
				CLANG_WARN_OBJC_IMPLICIT_RETAIN_SELF = YES;
				CLANG_WARN_OBJC_LITERAL_CONVERSION = YES;
				CLANG_WARN_OBJC_ROOT_CLASS = YES_ERROR;
				CLANG_WARN_QUOTED_INCLUDE_IN_FRAMEWORK_HEADER = YES;
				CLANG_WARN_RANGE_LOOP_ANALYSIS = YES;
				CLANG_WARN_STRICT_PROTOTYPES = YES;
				CLANG_WARN_SUSPICIOUS_MOVE = YES;
				CLANG_WARN_UNGUARDED_AVAILABILITY = YES_AGGRESSIVE;
				CLANG_WARN_UNREACHABLE_CODE = YES;
				CLANG_WARN__DUPLICATE_METHOD_MATCH = YES;
				COPY_PHASE_STRIP = NO;
				DEBUG_INFORMATION_FORMAT = "dwarf-with-dsym";
				ENABLE_NS_ASSERTIONS = NO;
				ENABLE_STRICT_OBJC_MSGSEND = YES;
				GCC_C_LANGUAGE_STANDARD = gnu11;
				GCC_NO_COMMON_BLOCKS = YES;
				GCC_WARN_64_TO_32_BIT_CONVERSION = YES;
				GCC_WARN_ABOUT_RETURN_TYPE = YES_ERROR;
				GCC_WARN_UNDECLARED_SELECTOR = YES;
				GCC_WARN_UNINITIALIZED_AUTOS = YES_AGGRESSIVE;
				GCC_WARN_UNUSED_FUNCTION = YES;
				GCC_WARN_UNUSED_VARIABLE = YES;
				IPHONEOS_DEPLOYMENT_TARGET = 15.0;
				MTL_ENABLE_DEBUG_INFO = NO;
				MTL_FAST_MATH = YES;
				SDKROOT = iphoneos;
				SWIFT_COMPILATION_MODE = wholemodule;
				SWIFT_OPTIMIZATION_LEVEL = "-O";
				VALIDATE_PRODUCT = YES;
			};
			name = Release;
		};
		F47C3F41277F40FB00CDD87C /* Debug */ = {
			isa = XCBuildConfiguration;
			buildSettings = {
				ASSETCATALOG_COMPILER_APPICON_NAME = AppIcon;
				ASSETCATALOG_COMPILER_GLOBAL_ACCENT_COLOR_NAME = AccentColor;
				CODE_SIGN_STYLE = Automatic;
				CURRENT_PROJECT_VERSION = 1;
				DEVELOPMENT_TEAM = S3PW95J64Q;
				GENERATE_INFOPLIST_FILE = YES;
				INFOPLIST_FILE = Xylophone/Info.plist;
				INFOPLIST_KEY_UIApplicationSupportsIndirectInputEvents = YES;
				INFOPLIST_KEY_UILaunchStoryboardName = LaunchScreen;
				INFOPLIST_KEY_UIMainStoryboardFile = Main;
				INFOPLIST_KEY_UISupportedInterfaceOrientations_iPad = "UIInterfaceOrientationPortrait UIInterfaceOrientationPortraitUpsideDown UIInterfaceOrientationLandscapeLeft UIInterfaceOrientationLandscapeRight";
				INFOPLIST_KEY_UISupportedInterfaceOrientations_iPhone = "UIInterfaceOrientationPortrait UIInterfaceOrientationLandscapeLeft UIInterfaceOrientationLandscapeRight";
				LD_RUNPATH_SEARCH_PATHS = (
					"$(inherited)",
					"@executable_path/Frameworks",
				);
				MARKETING_VERSION = 1.0;
				PRODUCT_BUNDLE_IDENTIFIER = "com.Hiroaki-Hirabayashi.Xylophone";
				PRODUCT_NAME = "$(TARGET_NAME)";
				SWIFT_EMIT_LOC_STRINGS = YES;
				SWIFT_VERSION = 5.0;
				TARGETED_DEVICE_FAMILY = "1,2";
			};
			name = Debug;
		};
		F47C3F42277F40FB00CDD87C /* Release */ = {
			isa = XCBuildConfiguration;
			buildSettings = {
				ASSETCATALOG_COMPILER_APPICON_NAME = AppIcon;
				ASSETCATALOG_COMPILER_GLOBAL_ACCENT_COLOR_NAME = AccentColor;
				CODE_SIGN_STYLE = Automatic;
				CURRENT_PROJECT_VERSION = 1;
				DEVELOPMENT_TEAM = S3PW95J64Q;
				GENERATE_INFOPLIST_FILE = YES;
				INFOPLIST_FILE = Xylophone/Info.plist;
				INFOPLIST_KEY_UIApplicationSupportsIndirectInputEvents = YES;
				INFOPLIST_KEY_UILaunchStoryboardName = LaunchScreen;
				INFOPLIST_KEY_UIMainStoryboardFile = Main;
				INFOPLIST_KEY_UISupportedInterfaceOrientations_iPad = "UIInterfaceOrientationPortrait UIInterfaceOrientationPortraitUpsideDown UIInterfaceOrientationLandscapeLeft UIInterfaceOrientationLandscapeRight";
				INFOPLIST_KEY_UISupportedInterfaceOrientations_iPhone = "UIInterfaceOrientationPortrait UIInterfaceOrientationLandscapeLeft UIInterfaceOrientationLandscapeRight";
				LD_RUNPATH_SEARCH_PATHS = (
					"$(inherited)",
					"@executable_path/Frameworks",
				);
				MARKETING_VERSION = 1.0;
				PRODUCT_BUNDLE_IDENTIFIER = "com.Hiroaki-Hirabayashi.Xylophone";
				PRODUCT_NAME = "$(TARGET_NAME)";
				SWIFT_EMIT_LOC_STRINGS = YES;
				SWIFT_VERSION = 5.0;
				TARGETED_DEVICE_FAMILY = "1,2";
			};
			name = Release;
		};
		F47C3F44277F40FB00CDD87C /* Debug */ = {
			isa = XCBuildConfiguration;
			buildSettings = {
				ALWAYS_EMBED_SWIFT_STANDARD_LIBRARIES = YES;
				BUNDLE_LOADER = "$(TEST_HOST)";
				CODE_SIGN_STYLE = Automatic;
				CURRENT_PROJECT_VERSION = 1;
				DEVELOPMENT_TEAM = S3PW95J64Q;
				GENERATE_INFOPLIST_FILE = YES;
				IPHONEOS_DEPLOYMENT_TARGET = 15.0;
				LD_RUNPATH_SEARCH_PATHS = (
					"$(inherited)",
					"@executable_path/Frameworks",
					"@loader_path/Frameworks",
				);
				MARKETING_VERSION = 1.0;
				PRODUCT_BUNDLE_IDENTIFIER = "com.Hiroaki-Hirabayashi.XylophoneTests";
				PRODUCT_NAME = "$(TARGET_NAME)";
				SWIFT_EMIT_LOC_STRINGS = NO;
				SWIFT_VERSION = 5.0;
				TARGETED_DEVICE_FAMILY = "1,2";
				TEST_HOST = "$(BUILT_PRODUCTS_DIR)/Xylophone.app/Xylophone";
			};
			name = Debug;
		};
		F47C3F45277F40FB00CDD87C /* Release */ = {
			isa = XCBuildConfiguration;
			buildSettings = {
				ALWAYS_EMBED_SWIFT_STANDARD_LIBRARIES = YES;
				BUNDLE_LOADER = "$(TEST_HOST)";
				CODE_SIGN_STYLE = Automatic;
				CURRENT_PROJECT_VERSION = 1;
				DEVELOPMENT_TEAM = S3PW95J64Q;
				GENERATE_INFOPLIST_FILE = YES;
				IPHONEOS_DEPLOYMENT_TARGET = 15.0;
				LD_RUNPATH_SEARCH_PATHS = (
					"$(inherited)",
					"@executable_path/Frameworks",
					"@loader_path/Frameworks",
				);
				MARKETING_VERSION = 1.0;
				PRODUCT_BUNDLE_IDENTIFIER = "com.Hiroaki-Hirabayashi.XylophoneTests";
				PRODUCT_NAME = "$(TARGET_NAME)";
				SWIFT_EMIT_LOC_STRINGS = NO;
				SWIFT_VERSION = 5.0;
				TARGETED_DEVICE_FAMILY = "1,2";
				TEST_HOST = "$(BUILT_PRODUCTS_DIR)/Xylophone.app/Xylophone";
			};
			name = Release;
		};
		F47C3F47277F40FB00CDD87C /* Debug */ = {
			isa = XCBuildConfiguration;
			buildSettings = {
				ALWAYS_EMBED_SWIFT_STANDARD_LIBRARIES = YES;
				CODE_SIGN_STYLE = Automatic;
				CURRENT_PROJECT_VERSION = 1;
				DEVELOPMENT_TEAM = S3PW95J64Q;
				GENERATE_INFOPLIST_FILE = YES;
				LD_RUNPATH_SEARCH_PATHS = (
					"$(inherited)",
					"@executable_path/Frameworks",
					"@loader_path/Frameworks",
				);
				MARKETING_VERSION = 1.0;
				PRODUCT_BUNDLE_IDENTIFIER = "com.Hiroaki-Hirabayashi.XylophoneUITests";
				PRODUCT_NAME = "$(TARGET_NAME)";
				SWIFT_EMIT_LOC_STRINGS = NO;
				SWIFT_VERSION = 5.0;
				TARGETED_DEVICE_FAMILY = "1,2";
				TEST_TARGET_NAME = Xylophone;
			};
			name = Debug;
		};
		F47C3F48277F40FB00CDD87C /* Release */ = {
			isa = XCBuildConfiguration;
			buildSettings = {
				ALWAYS_EMBED_SWIFT_STANDARD_LIBRARIES = YES;
				CODE_SIGN_STYLE = Automatic;
				CURRENT_PROJECT_VERSION = 1;
				DEVELOPMENT_TEAM = S3PW95J64Q;
				GENERATE_INFOPLIST_FILE = YES;
				LD_RUNPATH_SEARCH_PATHS = (
					"$(inherited)",
					"@executable_path/Frameworks",
					"@loader_path/Frameworks",
				);
				MARKETING_VERSION = 1.0;
				PRODUCT_BUNDLE_IDENTIFIER = "com.Hiroaki-Hirabayashi.XylophoneUITests";
				PRODUCT_NAME = "$(TARGET_NAME)";
				SWIFT_EMIT_LOC_STRINGS = NO;
				SWIFT_VERSION = 5.0;
				TARGETED_DEVICE_FAMILY = "1,2";
				TEST_TARGET_NAME = Xylophone;
			};
			name = Release;
		};
/* End XCBuildConfiguration section */

/* Begin XCConfigurationList section */
		F47C3F0E277F40F800CDD87C /* Build configuration list for PBXProject "Xylophone" */ = {
			isa = XCConfigurationList;
			buildConfigurations = (
				F47C3F3E277F40FB00CDD87C /* Debug */,
				F47C3F3F277F40FB00CDD87C /* Release */,
			);
			defaultConfigurationIsVisible = 0;
			defaultConfigurationName = Release;
		};
		F47C3F40277F40FB00CDD87C /* Build configuration list for PBXNativeTarget "Xylophone" */ = {
			isa = XCConfigurationList;
			buildConfigurations = (
				F47C3F41277F40FB00CDD87C /* Debug */,
				F47C3F42277F40FB00CDD87C /* Release */,
			);
			defaultConfigurationIsVisible = 0;
			defaultConfigurationName = Release;
		};
		F47C3F43277F40FB00CDD87C /* Build configuration list for PBXNativeTarget "XylophoneTests" */ = {
			isa = XCConfigurationList;
			buildConfigurations = (
				F47C3F44277F40FB00CDD87C /* Debug */,
				F47C3F45277F40FB00CDD87C /* Release */,
			);
			defaultConfigurationIsVisible = 0;
			defaultConfigurationName = Release;
		};
		F47C3F46277F40FB00CDD87C /* Build configuration list for PBXNativeTarget "XylophoneUITests" */ = {
			isa = XCConfigurationList;
			buildConfigurations = (
				F47C3F47277F40FB00CDD87C /* Debug */,
				F47C3F48277F40FB00CDD87C /* Release */,
			);
			defaultConfigurationIsVisible = 0;
			defaultConfigurationName = Release;
		};
/* End XCConfigurationList section */

/* Begin XCVersionGroup section */
		F47C3F1F277F40F900CDD87C /* Xylophone.xcdatamodeld */ = {
			isa = XCVersionGroup;
			children = (
				F47C3F20277F40F900CDD87C /* Xylophone.xcdatamodel */,
			);
			currentVersion = F47C3F20277F40F900CDD87C /* Xylophone.xcdatamodel */;
			path = Xylophone.xcdatamodeld;
			sourceTree = "<group>";
			versionGroupType = wrapper.xcdatamodel;
		};
/* End XCVersionGroup section */
	};
	rootObject = F47C3F0B277F40F800CDD87C /* Project object */;
}
